
Microsoft Visual Studio Solution File, Format Version 12.00
# Visual Studio Version 16
VisualStudioVersion = 16.0.31005.135
MinimumVisualStudioVersion = 10.0.40219.1
Project("{FAE04EC0-301F-11D3-BF4B-00C04F79EFBC}") = "MakingWaves", "MakingWaves\MakingWaves.csproj", "{C2079059-46FD-4133-B90F-E5CC3DECB9F2}"
EndProject
Global
	GlobalSection(SolutionConfigurationPlatforms) = preSolution
		Debug|Any CPU = Debug|Any CPU
		Release|Any CPU = Release|Any CPU
	EndGlobalSection
	GlobalSection(ProjectConfigurationPlatforms) = postSolution
		{C2079059-46FD-4133-B90F-E5CC3DECB9F2}.Debug|Any CPU.ActiveCfg = Debug|Any CPU
		{C2079059-46FD-4133-B90F-E5CC3DECB9F2}.Debug|Any CPU.Build.0 = Debug|Any CPU
		{C2079059-46FD-4133-B90F-E5CC3DECB9F2}.Release|Any CPU.ActiveCfg = Release|Any CPU
		{C2079059-46FD-4133-B90F-E5CC3DECB9F2}.Release|Any CPU.Build.0 = Release|Any CPU
	EndGlobalSection
	GlobalSection(SolutionProperties) = preSolution
		HideSolutionNode = FALSE
	EndGlobalSection
	GlobalSection(ExtensibilityGlobals) = postSolution
		SolutionGuid = {5D64AD98-5019-45DE-900E-20471D50DDDF}
	EndGlobalSection
EndGlobal
